
Microsoft Visual Studio Solution File, Format Version 12.00
# Visual Studio Version 16
VisualStudioVersion = 16.0.32002.261
MinimumVisualStudioVersion = 10.0.40219.1
Project("{FAE04EC0-301F-11D3-BF4B-00C04F79EFBC}") = "Exercícios11a13", "Exercícios11a13\Exercícios11a13.csproj", "{BF49B6C1-4201-48EB-AD95-FE23F5687B59}"
EndProject
Global
	GlobalSection(SolutionConfigurationPlatforms) = preSolution
		Debug|Any CPU = Debug|Any CPU
		Release|Any CPU = Release|Any CPU
	EndGlobalSection
	GlobalSection(ProjectConfigurationPlatforms) = postSolution
		{BF49B6C1-4201-48EB-AD95-FE23F5687B59}.Debug|Any CPU.ActiveCfg = Debug|Any CPU
		{BF49B6C1-4201-48EB-AD95-FE23F5687B59}.Debug|Any CPU.Build.0 = Debug|Any CPU
		{BF49B6C1-4201-48EB-AD95-FE23F5687B59}.Release|Any CPU.ActiveCfg = Release|Any CPU
		{BF49B6C1-4201-48EB-AD95-FE23F5687B59}.Release|Any CPU.Build.0 = Release|Any CPU
	EndGlobalSection
	GlobalSection(SolutionProperties) = preSolution
		HideSolutionNode = FALSE
	EndGlobalSection
	GlobalSection(ExtensibilityGlobals) = postSolution
		SolutionGuid = {921FEA79-20A5-448F-8009-1F993F233CDB}
	EndGlobalSection
EndGlobal
